
Microsoft Visual Studio Solution File, Format Version 12.00
# Visual Studio Version 16
VisualStudioVersion = 16.0.28711.60
MinimumVisualStudioVersion = 10.0.40219.1
Project("{54435603-DBB4-11D2-8724-00A0C9A8B90C}") = "HBERT Revit Installer", "HBERT Revit Installer\HBERT Installer.vdproj", "{DEE56F3B-6461-43AE-85C5-B8419B57434F}"
EndProject
Project("{FAE04EC0-301F-11D3-BF4B-00C04F79EFBC}") = "RevitAddIn", "RevitAddIn\RevitAddIn.csproj", "{6DC0FEE5-B59C-4367-898F-E2785896E337}"
	ProjectSection(ProjectDependencies) = postProject
		{F80585A7-75B1-4255-9FD2-2C175AA3DCBA} = {F80585A7-75B1-4255-9FD2-2C175AA3DCBA}
	EndProjectSection
EndProject
Project("{FAE04EC0-301F-11D3-BF4B-00C04F79EFBC}") = "CarbonEmissionTool", "HBERT_Carbon_Emission_Tool\CarbonEmissionTool.csproj", "{F80585A7-75B1-4255-9FD2-2C175AA3DCBA}"
	ProjectSection(ProjectDependencies) = postProject
		{AE3F22F5-89EF-4D89-B9B6-0AD9F3E0A922} = {AE3F22F5-89EF-4D89-B9B6-0AD9F3E0A922}
	EndProjectSection
EndProject
Project("{FAE04EC0-301F-11D3-BF4B-00C04F79EFBC}") = "CarbonEmissionTool.Compatibility", "CarbonEmissionTool.Compatibility\CarbonEmissionTool.Compatibility.csproj", "{AE3F22F5-89EF-4D89-B9B6-0AD9F3E0A922}"
EndProject
Global
	GlobalSection(SolutionConfigurationPlatforms) = preSolution
		Debug2019|Any CPU = Debug2019|Any CPU
		Debug2019|x64 = Debug2019|x64
		Debug2021|Any CPU = Debug2021|Any CPU
		Debug2021|x64 = Debug2021|x64
		Release|Any CPU = Release|Any CPU
		Release|x64 = Release|x64
	EndGlobalSection
	GlobalSection(ProjectConfigurationPlatforms) = postSolution
		{DEE56F3B-6461-43AE-85C5-B8419B57434F}.Debug2019|Any CPU.ActiveCfg = Debug2019
		{DEE56F3B-6461-43AE-85C5-B8419B57434F}.Debug2019|Any CPU.Build.0 = Debug2019
		{DEE56F3B-6461-43AE-85C5-B8419B57434F}.Debug2019|x64.ActiveCfg = Debug2019
		{DEE56F3B-6461-43AE-85C5-B8419B57434F}.Debug2019|x64.Build.0 = Debug2019
		{DEE56F3B-6461-43AE-85C5-B8419B57434F}.Debug2021|Any CPU.ActiveCfg = Debug2021
		{DEE56F3B-6461-43AE-85C5-B8419B57434F}.Debug2021|Any CPU.Build.0 = Debug2021
		{DEE56F3B-6461-43AE-85C5-B8419B57434F}.Debug2021|x64.ActiveCfg = Debug2021
		{DEE56F3B-6461-43AE-85C5-B8419B57434F}.Debug2021|x64.Build.0 = Debug2021
		{DEE56F3B-6461-43AE-85C5-B8419B57434F}.Release|Any CPU.ActiveCfg = Debug
		{DEE56F3B-6461-43AE-85C5-B8419B57434F}.Release|Any CPU.Build.0 = Debug
		{DEE56F3B-6461-43AE-85C5-B8419B57434F}.Release|x64.ActiveCfg = Release
		{DEE56F3B-6461-43AE-85C5-B8419B57434F}.Release|x64.Build.0 = Release
		{6DC0FEE5-B59C-4367-898F-E2785896E337}.Debug2019|Any CPU.ActiveCfg = Debug2019|Any CPU
		{6DC0FEE5-B59C-4367-898F-E2785896E337}.Debug2019|Any CPU.Build.0 = Debug2019|Any CPU
		{6DC0FEE5-B59C-4367-898F-E2785896E337}.Debug2019|x64.ActiveCfg = Debug2019|x64
		{6DC0FEE5-B59C-4367-898F-E2785896E337}.Debug2019|x64.Build.0 = Debug2019|x64
		{6DC0FEE5-B59C-4367-898F-E2785896E337}.Debug2021|Any CPU.ActiveCfg = Debug2021|Any CPU
		{6DC0FEE5-B59C-4367-898F-E2785896E337}.Debug2021|Any CPU.Build.0 = Debug2021|Any CPU
		{6DC0FEE5-B59C-4367-898F-E2785896E337}.Debug2021|x64.ActiveCfg = Debug2021|x64
		{6DC0FEE5-B59C-4367-898F-E2785896E337}.Debug2021|x64.Build.0 = Debug2021|x64
		{6DC0FEE5-B59C-4367-898F-E2785896E337}.Release|Any CPU.ActiveCfg = Debug|Any CPU
		{6DC0FEE5-B59C-4367-898F-E2785896E337}.Release|Any CPU.Build.0 = Debug|Any CPU
		{6DC0FEE5-B59C-4367-898F-E2785896E337}.Release|x64.ActiveCfg = Release|Any CPU
		{6DC0FEE5-B59C-4367-898F-E2785896E337}.Release|x64.Build.0 = Release|Any CPU
		{F80585A7-75B1-4255-9FD2-2C175AA3DCBA}.Debug2019|Any CPU.ActiveCfg = Debug2019|Any CPU
		{F80585A7-75B1-4255-9FD2-2C175AA3DCBA}.Debug2019|Any CPU.Build.0 = Debug2019|Any CPU
		{F80585A7-75B1-4255-9FD2-2C175AA3DCBA}.Debug2019|x64.ActiveCfg = Debug2019|x64
		{F80585A7-75B1-4255-9FD2-2C175AA3DCBA}.Debug2019|x64.Build.0 = Debug2019|x64
		{F80585A7-75B1-4255-9FD2-2C175AA3DCBA}.Debug2021|Any CPU.ActiveCfg = Debug2021|Any CPU
		{F80585A7-75B1-4255-9FD2-2C175AA3DCBA}.Debug2021|Any CPU.Build.0 = Debug2021|Any CPU
		{F80585A7-75B1-4255-9FD2-2C175AA3DCBA}.Debug2021|x64.ActiveCfg = Debug2021|x64
		{F80585A7-75B1-4255-9FD2-2C175AA3DCBA}.Debug2021|x64.Build.0 = Debug2021|x64
		{F80585A7-75B1-4255-9FD2-2C175AA3DCBA}.Release|Any CPU.ActiveCfg = Debug|Any CPU
		{F80585A7-75B1-4255-9FD2-2C175AA3DCBA}.Release|Any CPU.Build.0 = Debug|Any CPU
		{F80585A7-75B1-4255-9FD2-2C175AA3DCBA}.Release|x64.ActiveCfg = Release|x64
		{F80585A7-75B1-4255-9FD2-2C175AA3DCBA}.Release|x64.Build.0 = Release|x64
		{AE3F22F5-89EF-4D89-B9B6-0AD9F3E0A922}.Debug2019|Any CPU.ActiveCfg = Debug2019|Any CPU
		{AE3F22F5-89EF-4D89-B9B6-0AD9F3E0A922}.Debug2019|Any CPU.Build.0 = Debug2019|Any CPU
		{AE3F22F5-89EF-4D89-B9B6-0AD9F3E0A922}.Debug2019|x64.ActiveCfg = Debug2019|Any CPU
		{AE3F22F5-89EF-4D89-B9B6-0AD9F3E0A922}.Debug2019|x64.Build.0 = Debug2019|Any CPU
		{AE3F22F5-89EF-4D89-B9B6-0AD9F3E0A922}.Debug2021|Any CPU.ActiveCfg = Debug2021|Any CPU
		{AE3F22F5-89EF-4D89-B9B6-0AD9F3E0A922}.Debug2021|Any CPU.Build.0 = Debug2021|Any CPU
		{AE3F22F5-89EF-4D89-B9B6-0AD9F3E0A922}.Debug2021|x64.ActiveCfg = Debug2021|Any CPU
		{AE3F22F5-89EF-4D89-B9B6-0AD9F3E0A922}.Debug2021|x64.Build.0 = Debug2021|Any CPU
		{AE3F22F5-89EF-4D89-B9B6-0AD9F3E0A922}.Release|Any CPU.ActiveCfg = Debug|Any CPU
		{AE3F22F5-89EF-4D89-B9B6-0AD9F3E0A922}.Release|Any CPU.Build.0 = Debug|Any CPU
		{AE3F22F5-89EF-4D89-B9B6-0AD9F3E0A922}.Release|x64.ActiveCfg = Release|Any CPU
		{AE3F22F5-89EF-4D89-B9B6-0AD9F3E0A922}.Release|x64.Build.0 = Release|Any CPU
	EndGlobalSection
	GlobalSection(SolutionProperties) = preSolution
		HideSolutionNode = FALSE
	EndGlobalSection
	GlobalSection(ExtensibilityGlobals) = postSolution
		SolutionGuid = {06273287-9E51-43E9-A042-CE8222B77EFF}
	EndGlobalSection
EndGlobal
